// !$*UTF8*$!
{
	archiveVersion = 1;
	classes = {
	};
	objectVersion = 46;
	objects = {

/* Begin PBXBuildFile section */
		6594E08C1A33ACEA008F5746 /* AppDelegate.swift in Sources */ = {isa = PBXBuildFile; fileRef = 6594E08B1A33ACEA008F5746 /* AppDelegate.swift */; };
		6594E08E1A33ACEA008F5746 /* ViewController.swift in Sources */ = {isa = PBXBuildFile; fileRef = 6594E08D1A33ACEA008F5746 /* ViewController.swift */; };
		6594E0911A33ACEA008F5746 /* Main.storyboard in Resources */ = {isa = PBXBuildFile; fileRef = 6594E08F1A33ACEA008F5746 /* Main.storyboard */; };
		6594E0931A33ACEA008F5746 /* Images.xcassets in Resources */ = {isa = PBXBuildFile; fileRef = 6594E0921A33ACEA008F5746 /* Images.xcassets */; };
		6594E0961A33ACEA008F5746 /* LaunchScreen.xib in Resources */ = {isa = PBXBuildFile; fileRef = 6594E0941A33ACEA008F5746 /* LaunchScreen.xib */; };
		6594E0A21A33ACEA008F5746 /* IgnitionTests.swift in Sources */ = {isa = PBXBuildFile; fileRef = 6594E0A11A33ACEA008F5746 /* IgnitionTests.swift */; };
/* End PBXBuildFile section */

/* Begin PBXContainerItemProxy section */
		6594E09C1A33ACEA008F5746 /* PBXContainerItemProxy */ = {
			isa = PBXContainerItemProxy;
			containerPortal = 6594E07E1A33ACEA008F5746 /* Project object */;
			proxyType = 1;
			remoteGlobalIDString = 6594E0851A33ACEA008F5746;
			remoteInfo = Ignition;
		};
/* End PBXContainerItemProxy section */

/* Begin PBXFileReference section */
		6594E0861A33ACEA008F5746 /* Ignition.app */ = {isa = PBXFileReference; explicitFileType = wrapper.application; includeInIndex = 0; path = Ignition.app; sourceTree = BUILT_PRODUCTS_DIR; };
		6594E08A1A33ACEA008F5746 /* Info.plist */ = {isa = PBXFileReference; lastKnownFileType = text.plist.xml; path = Info.plist; sourceTree = "<group>"; };
		6594E08B1A33ACEA008F5746 /* AppDelegate.swift */ = {isa = PBXFileReference; lastKnownFileType = sourcecode.swift; path = AppDelegate.swift; sourceTree = "<group>"; };
		6594E08D1A33ACEA008F5746 /* ViewController.swift */ = {isa = PBXFileReference; lastKnownFileType = sourcecode.swift; path = ViewController.swift; sourceTree = "<group>"; };
		6594E0901A33ACEA008F5746 /* Base */ = {isa = PBXFileReference; lastKnownFileType = file.storyboard; name = Base; path = Base.lproj/Main.storyboard; sourceTree = "<group>"; };
		6594E0921A33ACEA008F5746 /* Images.xcassets */ = {isa = PBXFileReference; lastKnownFileType = folder.assetcatalog; path = Images.xcassets; sourceTree = "<group>"; };
		6594E0951A33ACEA008F5746 /* Base */ = {isa = PBXFileReference; lastKnownFileType = file.xib; name = Base; path = Base.lproj/LaunchScreen.xib; sourceTree = "<group>"; };
		6594E09B1A33ACEA008F5746 /* IgnitionTests.xctest */ = {isa = PBXFileReference; explicitFileType = wrapper.cfbundle; includeInIndex = 0; path = IgnitionTests.xctest; sourceTree = BUILT_PRODUCTS_DIR; };
		6594E0A01A33ACEA008F5746 /* Info.plist */ = {isa = PBXFileReference; lastKnownFileType = text.plist.xml; path = Info.plist; sourceTree = "<group>"; };
		6594E0A11A33ACEA008F5746 /* IgnitionTests.swift */ = {isa = PBXFileReference; lastKnownFileType = sourcecode.swift; path = IgnitionTests.swift; sourceTree = "<group>"; };
/* End PBXFileReference section */

/* Begin PBXFrameworksBuildPhase section */
		6594E0831A33ACEA008F5746 /* Frameworks */ = {
			isa = PBXFrameworksBuildPhase;
			buildActionMask = 2147483647;
			files = (
			);
			runOnlyForDeploymentPostprocessing = 0;
		};
		6594E0981A33ACEA008F5746 /* Frameworks */ = {
			isa = PBXFrameworksBuildPhase;
			buildActionMask = 2147483647;
			files = (
			);
			runOnlyForDeploymentPostprocessing = 0;
		};
/* End PBXFrameworksBuildPhase section */

/* Begin PBXGroup section */
		6594E07D1A33ACEA008F5746 = {
			isa = PBXGroup;
			children = (
				6594E0881A33ACEA008F5746 /* Ignition */,
				6594E09E1A33ACEA008F5746 /* IgnitionTests */,
				6594E0871A33ACEA008F5746 /* Products */,
			);
			sourceTree = "<group>";
		};
		6594E0871A33ACEA008F5746 /* Products */ = {
			isa = PBXGroup;
			children = (
				6594E0861A33ACEA008F5746 /* Ignition.app */,
				6594E09B1A33ACEA008F5746 /* IgnitionTests.xctest */,
			);
			name = Products;
			sourceTree = "<group>";
		};
		6594E0881A33ACEA008F5746 /* Ignition */ = {
			isa = PBXGroup;
			children = (
				6594E08B1A33ACEA008F5746 /* AppDelegate.swift */,
				6594E08D1A33ACEA008F5746 /* ViewController.swift */,
				6594E08F1A33ACEA008F5746 /* Main.storyboard */,
				6594E0921A33ACEA008F5746 /* Images.xcassets */,
				6594E0941A33ACEA008F5746 /* LaunchScreen.xib */,
				6594E0891A33ACEA008F5746 /* Supporting Files */,
			);
			path = Ignition;
			sourceTree = "<group>";
		};
		6594E0891A33ACEA008F5746 /* Supporting Files */ = {
			isa = PBXGroup;
			children = (
				6594E08A1A33ACEA008F5746 /* Info.plist */,
			);
			name = "Supporting Files";
			sourceTree = "<group>";
		};
		6594E09E1A33ACEA008F5746 /* IgnitionTests */ = {
			isa = PBXGroup;
			children = (
				6594E0A11A33ACEA008F5746 /* IgnitionTests.swift */,
				6594E09F1A33ACEA008F5746 /* Supporting Files */,
			);
			path = IgnitionTests;
			sourceTree = "<group>";
		};
		6594E09F1A33ACEA008F5746 /* Supporting Files */ = {
			isa = PBXGroup;
			children = (
				6594E0A01A33ACEA008F5746 /* Info.plist */,
			);
			name = "Supporting Files";
			sourceTree = "<group>";
		};
/* End PBXGroup section */

/* Begin PBXNativeTarget section */
		6594E0851A33ACEA008F5746 /* Ignition */ = {
			isa = PBXNativeTarget;
			buildConfigurationList = 6594E0A51A33ACEA008F5746 /* Build configuration list for PBXNativeTarget "Ignition" */;
			buildPhases = (
				6594E0821A33ACEA008F5746 /* Sources */,
				6594E0831A33ACEA008F5746 /* Frameworks */,
				6594E0841A33ACEA008F5746 /* Resources */,
			);
			buildRules = (
			);
			dependencies = (
			);
			name = Ignition;
			productName = Ignition;
			productReference = 6594E0861A33ACEA008F5746 /* Ignition.app */;
			productType = "com.apple.product-type.application";
		};
		6594E09A1A33ACEA008F5746 /* IgnitionTests */ = {
			isa = PBXNativeTarget;
			buildConfigurationList = 6594E0A81A33ACEA008F5746 /* Build configuration list for PBXNativeTarget "IgnitionTests" */;
			buildPhases = (
				6594E0971A33ACEA008F5746 /* Sources */,
				6594E0981A33ACEA008F5746 /* Frameworks */,
				6594E0991A33ACEA008F5746 /* Resources */,
			);
			buildRules = (
			);
			dependencies = (
				6594E09D1A33ACEA008F5746 /* PBXTargetDependency */,
			);
			name = IgnitionTests;
			productName = IgnitionTests;
			productReference = 6594E09B1A33ACEA008F5746 /* IgnitionTests.xctest */;
			productType = "com.apple.product-type.bundle.unit-test";
		};
/* End PBXNativeTarget section */

/* Begin PBXProject section */
		6594E07E1A33ACEA008F5746 /* Project object */ = {
			isa = PBXProject;
			attributes = {
				LastUpgradeCheck = 0610;
				ORGANIZATIONNAME = "Rocket Apps";
				TargetAttributes = {
					6594E0851A33ACEA008F5746 = {
						CreatedOnToolsVersion = 6.1.1;
					};
					6594E09A1A33ACEA008F5746 = {
						CreatedOnToolsVersion = 6.1.1;
						TestTargetID = 6594E0851A33ACEA008F5746;
					};
				};
			};
			buildConfigurationList = 6594E0811A33ACEA008F5746 /* Build configuration list for PBXProject "Ignition" */;
			compatibilityVersion = "Xcode 3.2";
			developmentRegion = English;
			hasScannedForEncodings = 0;
			knownRegions = (
				en,
				Base,
			);
			mainGroup = 6594E07D1A33ACEA008F5746;
			productRefGroup = 6594E0871A33ACEA008F5746 /* Products */;
			projectDirPath = "";
			projectRoot = "";
			targets = (
				6594E0851A33ACEA008F5746 /* Ignition */,
				6594E09A1A33ACEA008F5746 /* IgnitionTests */,
			);
		};
/* End PBXProject section */

/* Begin PBXResourcesBuildPhase section */
		6594E0841A33ACEA008F5746 /* Resources */ = {
			isa = PBXResourcesBuildPhase;
			buildActionMask = 2147483647;
			files = (
				6594E0911A33ACEA008F5746 /* Main.storyboard in Resources */,
				6594E0961A33ACEA008F5746 /* LaunchScreen.xib in Resources */,
				6594E0931A33ACEA008F5746 /* Images.xcassets in Resources */,
			);
			runOnlyForDeploymentPostprocessing = 0;
		};
		6594E0991A33ACEA008F5746 /* Resources */ = {
			isa = PBXResourcesBuildPhase;
			buildActionMask = 2147483647;
			files = (
			);
			runOnlyForDeploymentPostprocessing = 0;
		};
/* End PBXResourcesBuildPhase section */

/* Begin PBXSourcesBuildPhase section */
		6594E0821A33ACEA008F5746 /* Sources */ = {
			isa = PBXSourcesBuildPhase;
			buildActionMask = 2147483647;
			files = (
				6594E08E1A33ACEA008F5746 /* ViewController.swift in Sources */,
				6594E08C1A33ACEA008F5746 /* AppDelegate.swift in Sources */,
			);
			runOnlyForDeploymentPostprocessing = 0;
		};
		6594E0971A33ACEA008F5746 /* Sources */ = {
			isa = PBXSourcesBuildPhase;
			buildActionMask = 2147483647;
			files = (
				6594E0A21A33ACEA008F5746 /* IgnitionTests.swift in Sources */,
			);
			runOnlyForDeploymentPostprocessing = 0;
		};
/* End PBXSourcesBuildPhase section */

/* Begin PBXTargetDependency section */
		6594E09D1A33ACEA008F5746 /* PBXTargetDependency */ = {
			isa = PBXTargetDependency;
			target = 6594E0851A33ACEA008F5746 /* Ignition */;
			targetProxy = 6594E09C1A33ACEA008F5746 /* PBXContainerItemProxy */;
		};
/* End PBXTargetDependency section */

/* Begin PBXVariantGroup section */
		6594E08F1A33ACEA008F5746 /* Main.storyboard */ = {
			isa = PBXVariantGroup;
			children = (
				6594E0901A33ACEA008F5746 /* Base */,
			);
			name = Main.storyboard;
			sourceTree = "<group>";
		};
		6594E0941A33ACEA008F5746 /* LaunchScreen.xib */ = {
			isa = PBXVariantGroup;
			children = (
				6594E0951A33ACEA008F5746 /* Base */,
			);
			name = LaunchScreen.xib;
			sourceTree = "<group>";
		};
/* End PBXVariantGroup section */

/* Begin XCBuildConfiguration section */
		6594E0A31A33ACEA008F5746 /* Debug */ = {
			isa = XCBuildConfiguration;
			buildSettings = {
				ALWAYS_SEARCH_USER_PATHS = NO;
				CLANG_CXX_LANGUAGE_STANDARD = "gnu++0x";
				CLANG_CXX_LIBRARY = "libc++";
				CLANG_ENABLE_MODULES = YES;
				CLANG_ENABLE_OBJC_ARC = YES;
				CLANG_WARN_BOOL_CONVERSION = YES;
				CLANG_WARN_CONSTANT_CONVERSION = YES;
				CLANG_WARN_DIRECT_OBJC_ISA_USAGE = YES_ERROR;
				CLANG_WARN_EMPTY_BODY = YES;
				CLANG_WARN_ENUM_CONVERSION = YES;
				CLANG_WARN_INT_CONVERSION = YES;
				CLANG_WARN_OBJC_ROOT_CLASS = YES_ERROR;
				CLANG_WARN_UNREACHABLE_CODE = YES;
				CLANG_WARN__DUPLICATE_METHOD_MATCH = YES;
				"CODE_SIGN_IDENTITY[sdk=iphoneos*]" = "iPhone Developer";
				COPY_PHASE_STRIP = NO;
				ENABLE_STRICT_OBJC_MSGSEND = YES;
				GCC_C_LANGUAGE_STANDARD = gnu99;
				GCC_DYNAMIC_NO_PIC = NO;
				GCC_OPTIMIZATION_LEVEL = 0;
				GCC_PREPROCESSOR_DEFINITIONS = (
					"DEBUG=1",
					"$(inherited)",
				);
				GCC_SYMBOLS_PRIVATE_EXTERN = NO;
				GCC_WARN_64_TO_32_BIT_CONVERSION = YES;
				GCC_WARN_ABOUT_RETURN_TYPE = YES_ERROR;
				GCC_WARN_UNDECLARED_SELECTOR = YES;
				GCC_WARN_UNINITIALIZED_AUTOS = YES_AGGRESSIVE;
				GCC_WARN_UNUSED_FUNCTION = YES;
				GCC_WARN_UNUSED_VARIABLE = YES;
				IPHONEOS_DEPLOYMENT_TARGET = 8.1;
				MTL_ENABLE_DEBUG_INFO = YES;
				ONLY_ACTIVE_ARCH = YES;
				SDKROOT = iphoneos;
				SWIFT_OPTIMIZATION_LEVEL = "-Onone";
				TARGETED_DEVICE_FAMILY = "1,2";
			};
			name = Debug;
		};
		6594E0A41A33ACEA008F5746 /* Release */ = {
			isa = XCBuildConfiguration;
			buildSettings = {
				ALWAYS_SEARCH_USER_PATHS = NO;
				CLANG_CXX_LANGUAGE_STANDARD = "gnu++0x";
				CLANG_CXX_LIBRARY = "libc++";
				CLANG_ENABLE_MODULES = YES;
				CLANG_ENABLE_OBJC_ARC = YES;
				CLANG_WARN_BOOL_CONVERSION = YES;
				CLANG_WARN_CONSTANT_CONVERSION = YES;
				CLANG_WARN_DIRECT_OBJC_ISA_USAGE = YES_ERROR;
				CLANG_WARN_EMPTY_BODY = YES;
				CLANG_WARN_ENUM_CONVERSION = YES;
				CLANG_WARN_INT_CONVERSION = YES;
				CLANG_WARN_OBJC_ROOT_CLASS = YES_ERROR;
				CLANG_WARN_UNREACHABLE_CODE = YES;
				CLANG_WARN__DUPLICATE_METHOD_MATCH = YES;
				"CODE_SIGN_IDENTITY[sdk=iphoneos*]" = "iPhone Developer";
				COPY_PHASE_STRIP = YES;
				ENABLE_NS_ASSERTIONS = NO;
				ENABLE_STRICT_OBJC_MSGSEND = YES;
				GCC_C_LANGUAGE_STANDARD = gnu99;
				GCC_WARN_64_TO_32_BIT_CONVERSION = YES;
				GCC_WARN_ABOUT_RETURN_TYPE = YES_ERROR;
				GCC_WARN_UNDECLARED_SELECTOR = YES;
				GCC_WARN_UNINITIALIZED_AUTOS = YES_AGGRESSIVE;
				GCC_WARN_UNUSED_FUNCTION = YES;
				GCC_WARN_UNUSED_VARIABLE = YES;
				IPHONEOS_DEPLOYMENT_TARGET = 8.1;
				MTL_ENABLE_DEBUG_INFO = NO;
				SDKROOT = iphoneos;
				TARGETED_DEVICE_FAMILY = "1,2";
				VALIDATE_PRODUCT = YES;
			};
			name = Release;
		};
		6594E0A61A33ACEA008F5746 /* Debug */ = {
			isa = XCBuildConfiguration;
			buildSettings = {
				ASSETCATALOG_COMPILER_APPICON_NAME = AppIcon;
				INFOPLIST_FILE = Ignition/Info.plist;
				LD_RUNPATH_SEARCH_PATHS = "$(inherited) @executable_path/Frameworks";
				PRODUCT_NAME = "$(TARGET_NAME)";
			};
			name = Debug;
		};
		6594E0A71A33ACEA008F5746 /* Release */ = {
			isa = XCBuildConfiguration;
			buildSettings = {
				ASSETCATALOG_COMPILER_APPICON_NAME = AppIcon;
				INFOPLIST_FILE = Ignition/Info.plist;
				LD_RUNPATH_SEARCH_PATHS = "$(inherited) @executable_path/Frameworks";
				PRODUCT_NAME = "$(TARGET_NAME)";
			};
			name = Release;
		};
		6594E0A91A33ACEA008F5746 /* Debug */ = {
			isa = XCBuildConfiguration;
			buildSettings = {
				BUNDLE_LOADER = "$(TEST_HOST)";
				FRAMEWORK_SEARCH_PATHS = (
					"$(SDKROOT)/Developer/Library/Frameworks",
					"$(inherited)",
				);
				GCC_PREPROCESSOR_DEFINITIONS = (
					"DEBUG=1",
					"$(inherited)",
				);
				INFOPLIST_FILE = IgnitionTests/Info.plist;
				LD_RUNPATH_SEARCH_PATHS = "$(inherited) @executable_path/Frameworks @loader_path/Frameworks";
				PRODUCT_NAME = "$(TARGET_NAME)";
				TEST_HOST = "$(BUILT_PRODUCTS_DIR)/Ignition.app/Ignition";
			};
			name = Debug;
		};
		6594E0AA1A33ACEA008F5746 /* Release */ = {
			isa = XCBuildConfiguration;
			buildSettings = {
				BUNDLE_LOADER = "$(TEST_HOST)";
				FRAMEWORK_SEARCH_PATHS = (
					"$(SDKROOT)/Developer/Library/Frameworks",
					"$(inherited)",
				);
				INFOPLIST_FILE = IgnitionTests/Info.plist;
				LD_RUNPATH_SEARCH_PATHS = "$(inherited) @executable_path/Frameworks @loader_path/Frameworks";
				PRODUCT_NAME = "$(TARGET_NAME)";
				TEST_HOST = "$(BUILT_PRODUCTS_DIR)/Ignition.app/Ignition";
			};
			name = Release;
		};
/* End XCBuildConfiguration section */

/* Begin XCConfigurationList section */
		6594E0811A33ACEA008F5746 /* Build configuration list for PBXProject "Ignition" */ = {
			isa = XCConfigurationList;
			buildConfigurations = (
				6594E0A31A33ACEA008F5746 /* Debug */,
				6594E0A41A33ACEA008F5746 /* Release */,
			);
			defaultConfigurationIsVisible = 0;
			defaultConfigurationName = Release;
		};
		6594E0A51A33ACEA008F5746 /* Build configuration list for PBXNativeTarget "Ignition" */ = {
			isa = XCConfigurationList;
			buildConfigurations = (
				6594E0A61A33ACEA008F5746 /* Debug */,
				6594E0A71A33ACEA008F5746 /* Release */,
			);
			defaultConfigurationIsVisible = 0;
		};
		6594E0A81A33ACEA008F5746 /* Build configuration list for PBXNativeTarget "IgnitionTests" */ = {
			isa = XCConfigurationList;
			buildConfigurations = (
				6594E0A91A33ACEA008F5746 /* Debug */,
				6594E0AA1A33ACEA008F5746 /* Release */,
			);
			defaultConfigurationIsVisible = 0;
		};
/* End XCConfigurationList section */
	};
	rootObject = 6594E07E1A33ACEA008F5746 /* Project object */;
}
