// !$*UTF8*$!
{
	archiveVersion = 1;
	classes = {
	};
	objectVersion = 46;
	objects = {

/* Begin PBXBuildFile section */
		658ACB5B1A46CC8D004ED311 /* IgnitionTheme.swift in Sources */ = {isa = PBXBuildFile; fileRef = 658ACB5A1A46CC8D004ED311 /* IgnitionTheme.swift */; };
		6594E08C1A33ACEA008F5746 /* AppDelegate.swift in Sources */ = {isa = PBXBuildFile; fileRef = 6594E08B1A33ACEA008F5746 /* AppDelegate.swift */; };
		6594E0931A33ACEA008F5746 /* Images.xcassets in Resources */ = {isa = PBXBuildFile; fileRef = 6594E0921A33ACEA008F5746 /* Images.xcassets */; };
		6594E0961A33ACEA008F5746 /* LaunchScreen.xib in Resources */ = {isa = PBXBuildFile; fileRef = 6594E0941A33ACEA008F5746 /* LaunchScreen.xib */; };
		6594E0A21A33ACEA008F5746 /* IgnitionTests.swift in Sources */ = {isa = PBXBuildFile; fileRef = 6594E0A11A33ACEA008F5746 /* IgnitionTests.swift */; };
		6594E0B41A33AD38008F5746 /* NotificationCenter.framework in Frameworks */ = {isa = PBXBuildFile; fileRef = 6594E0B31A33AD38008F5746 /* NotificationCenter.framework */; };
		6594E0B91A33AD38008F5746 /* TodayViewController.swift in Sources */ = {isa = PBXBuildFile; fileRef = 6594E0B81A33AD38008F5746 /* TodayViewController.swift */; };
		6594E0BB1A33AD38008F5746 /* MainInterface.storyboard in Resources */ = {isa = PBXBuildFile; fileRef = 6594E0BA1A33AD38008F5746 /* MainInterface.storyboard */; };
		6594E0BE1A33AD38008F5746 /* Ignition-TodayExtension.appex in Embed App Extensions */ = {isa = PBXBuildFile; fileRef = 6594E0B11A33AD38008F5746 /* Ignition-TodayExtension.appex */; settings = {ATTRIBUTES = (RemoveHeadersOnCopy, ); }; };
		6594E0C61A33B2B6008F5746 /* IgnitionFonts.swift in Sources */ = {isa = PBXBuildFile; fileRef = 6594E0C51A33B2B6008F5746 /* IgnitionFonts.swift */; };
		6594E0C81A33B2D0008F5746 /* IgnitionColors.swift in Sources */ = {isa = PBXBuildFile; fileRef = 6594E0C71A33B2D0008F5746 /* IgnitionColors.swift */; };
		6594E0CB1A33B319008F5746 /* IgnitionButtons.swift in Sources */ = {isa = PBXBuildFile; fileRef = 6594E0CA1A33B319008F5746 /* IgnitionButtons.swift */; };
		65C7C3C91A34AD6E00D4539A /* NewShortcutComposerNavigationController.swift in Sources */ = {isa = PBXBuildFile; fileRef = 65C7C3C81A34AD6E00D4539A /* NewShortcutComposerNavigationController.swift */; };
		65C7C3CB1A34ADF100D4539A /* NewShortcutComposerViewController.swift in Sources */ = {isa = PBXBuildFile; fileRef = 65C7C3CA1A34ADF100D4539A /* NewShortcutComposerViewController.swift */; };
		65C7C3D01A34AE9F00D4539A /* NewShortcutComposer.storyboard in Resources */ = {isa = PBXBuildFile; fileRef = 65C7C3CF1A34AE9F00D4539A /* NewShortcutComposer.storyboard */; };
		65C7C3D21A34AF1D00D4539A /* NewShortcutControllerBackgroundView.swift in Sources */ = {isa = PBXBuildFile; fileRef = 65C7C3D11A34AF1D00D4539A /* NewShortcutControllerBackgroundView.swift */; };
		65C7C3D51A34B0BA00D4539A /* UIView+RemoveSubviews.swift in Sources */ = {isa = PBXBuildFile; fileRef = 65C7C3D41A34B0BA00D4539A /* UIView+RemoveSubviews.swift */; };
		65C7C3D81A34B3A300D4539A /* ShortcutDataStore.swift in Sources */ = {isa = PBXBuildFile; fileRef = 65C7C3D71A34B3A300D4539A /* ShortcutDataStore.swift */; };
		65FAAD9A1A46C8330090DA18 /* ShortcutDataStoreTests.swift in Sources */ = {isa = PBXBuildFile; fileRef = 65FAAD991A46C8330090DA18 /* ShortcutDataStoreTests.swift */; };
		65FAAD9C1A46C9D30090DA18 /* ShortcutList.storyboard in Resources */ = {isa = PBXBuildFile; fileRef = 65FAAD9B1A46C9D30090DA18 /* ShortcutList.storyboard */; };
/* End PBXBuildFile section */

/* Begin PBXContainerItemProxy section */
		6594E09C1A33ACEA008F5746 /* PBXContainerItemProxy */ = {
			isa = PBXContainerItemProxy;
			containerPortal = 6594E07E1A33ACEA008F5746 /* Project object */;
			proxyType = 1;
			remoteGlobalIDString = 6594E0851A33ACEA008F5746;
			remoteInfo = Ignition;
		};
		6594E0BC1A33AD38008F5746 /* PBXContainerItemProxy */ = {
			isa = PBXContainerItemProxy;
			containerPortal = 6594E07E1A33ACEA008F5746 /* Project object */;
			proxyType = 1;
			remoteGlobalIDString = 6594E0B01A33AD38008F5746;
			remoteInfo = "Ignition-TodayExtension";
		};
/* End PBXContainerItemProxy section */

/* Begin PBXCopyFilesBuildPhase section */
		6594E0C21A33AD38008F5746 /* Embed App Extensions */ = {
			isa = PBXCopyFilesBuildPhase;
			buildActionMask = 2147483647;
			dstPath = "";
			dstSubfolderSpec = 13;
			files = (
				6594E0BE1A33AD38008F5746 /* Ignition-TodayExtension.appex in Embed App Extensions */,
			);
			name = "Embed App Extensions";
			runOnlyForDeploymentPostprocessing = 0;
		};
/* End PBXCopyFilesBuildPhase section */

/* Begin PBXFileReference section */
		658ACB5A1A46CC8D004ED311 /* IgnitionTheme.swift */ = {isa = PBXFileReference; fileEncoding = 4; lastKnownFileType = sourcecode.swift; path = IgnitionTheme.swift; sourceTree = "<group>"; };
		6594E0861A33ACEA008F5746 /* Ignition.app */ = {isa = PBXFileReference; explicitFileType = wrapper.application; includeInIndex = 0; path = Ignition.app; sourceTree = BUILT_PRODUCTS_DIR; };
		6594E08A1A33ACEA008F5746 /* Info.plist */ = {isa = PBXFileReference; lastKnownFileType = text.plist.xml; path = Info.plist; sourceTree = "<group>"; };
		6594E08B1A33ACEA008F5746 /* AppDelegate.swift */ = {isa = PBXFileReference; lastKnownFileType = sourcecode.swift; path = AppDelegate.swift; sourceTree = "<group>"; };
		6594E0921A33ACEA008F5746 /* Images.xcassets */ = {isa = PBXFileReference; lastKnownFileType = folder.assetcatalog; path = Images.xcassets; sourceTree = "<group>"; };
		6594E0951A33ACEA008F5746 /* Base */ = {isa = PBXFileReference; lastKnownFileType = file.xib; name = Base; path = Base.lproj/LaunchScreen.xib; sourceTree = "<group>"; };
		6594E09B1A33ACEA008F5746 /* IgnitionTests.xctest */ = {isa = PBXFileReference; explicitFileType = wrapper.cfbundle; includeInIndex = 0; path = IgnitionTests.xctest; sourceTree = BUILT_PRODUCTS_DIR; };
		6594E0A01A33ACEA008F5746 /* Info.plist */ = {isa = PBXFileReference; lastKnownFileType = text.plist.xml; path = Info.plist; sourceTree = "<group>"; };
		6594E0A11A33ACEA008F5746 /* IgnitionTests.swift */ = {isa = PBXFileReference; lastKnownFileType = sourcecode.swift; path = IgnitionTests.swift; sourceTree = "<group>"; };
		6594E0B11A33AD38008F5746 /* Ignition-TodayExtension.appex */ = {isa = PBXFileReference; explicitFileType = "wrapper.app-extension"; includeInIndex = 0; path = "Ignition-TodayExtension.appex"; sourceTree = BUILT_PRODUCTS_DIR; };
		6594E0B31A33AD38008F5746 /* NotificationCenter.framework */ = {isa = PBXFileReference; lastKnownFileType = wrapper.framework; name = NotificationCenter.framework; path = System/Library/Frameworks/NotificationCenter.framework; sourceTree = SDKROOT; };
		6594E0B71A33AD38008F5746 /* Info.plist */ = {isa = PBXFileReference; lastKnownFileType = text.plist.xml; path = Info.plist; sourceTree = "<group>"; };
		6594E0B81A33AD38008F5746 /* TodayViewController.swift */ = {isa = PBXFileReference; lastKnownFileType = sourcecode.swift; path = TodayViewController.swift; sourceTree = "<group>"; };
		6594E0BA1A33AD38008F5746 /* MainInterface.storyboard */ = {isa = PBXFileReference; lastKnownFileType = file.storyboard; path = MainInterface.storyboard; sourceTree = "<group>"; };
		6594E0C51A33B2B6008F5746 /* IgnitionFonts.swift */ = {isa = PBXFileReference; fileEncoding = 4; lastKnownFileType = sourcecode.swift; path = IgnitionFonts.swift; sourceTree = "<group>"; };
		6594E0C71A33B2D0008F5746 /* IgnitionColors.swift */ = {isa = PBXFileReference; fileEncoding = 4; lastKnownFileType = sourcecode.swift; path = IgnitionColors.swift; sourceTree = "<group>"; };
		6594E0CA1A33B319008F5746 /* IgnitionButtons.swift */ = {isa = PBXFileReference; fileEncoding = 4; lastKnownFileType = sourcecode.swift; path = IgnitionButtons.swift; sourceTree = "<group>"; };
		65C7C3C81A34AD6E00D4539A /* NewShortcutComposerNavigationController.swift */ = {isa = PBXFileReference; fileEncoding = 4; lastKnownFileType = sourcecode.swift; path = NewShortcutComposerNavigationController.swift; sourceTree = "<group>"; };
		65C7C3CA1A34ADF100D4539A /* NewShortcutComposerViewController.swift */ = {isa = PBXFileReference; fileEncoding = 4; lastKnownFileType = sourcecode.swift; path = NewShortcutComposerViewController.swift; sourceTree = "<group>"; };
		65C7C3CF1A34AE9F00D4539A /* NewShortcutComposer.storyboard */ = {isa = PBXFileReference; fileEncoding = 4; lastKnownFileType = file.storyboard; path = NewShortcutComposer.storyboard; sourceTree = "<group>"; };
		65C7C3D11A34AF1D00D4539A /* NewShortcutControllerBackgroundView.swift */ = {isa = PBXFileReference; fileEncoding = 4; lastKnownFileType = sourcecode.swift; path = NewShortcutControllerBackgroundView.swift; sourceTree = "<group>"; };
		65C7C3D41A34B0BA00D4539A /* UIView+RemoveSubviews.swift */ = {isa = PBXFileReference; fileEncoding = 4; lastKnownFileType = sourcecode.swift; path = "UIView+RemoveSubviews.swift"; sourceTree = "<group>"; };
		65C7C3D71A34B3A300D4539A /* ShortcutDataStore.swift */ = {isa = PBXFileReference; fileEncoding = 4; lastKnownFileType = sourcecode.swift; path = ShortcutDataStore.swift; sourceTree = "<group>"; };
		65FAAD991A46C8330090DA18 /* ShortcutDataStoreTests.swift */ = {isa = PBXFileReference; fileEncoding = 4; lastKnownFileType = sourcecode.swift; path = ShortcutDataStoreTests.swift; sourceTree = "<group>"; };
		65FAAD9B1A46C9D30090DA18 /* ShortcutList.storyboard */ = {isa = PBXFileReference; fileEncoding = 4; lastKnownFileType = file.storyboard; path = ShortcutList.storyboard; sourceTree = "<group>"; };
/* End PBXFileReference section */

/* Begin PBXFrameworksBuildPhase section */
		6594E0831A33ACEA008F5746 /* Frameworks */ = {
			isa = PBXFrameworksBuildPhase;
			buildActionMask = 2147483647;
			files = (
			);
			runOnlyForDeploymentPostprocessing = 0;
		};
		6594E0981A33ACEA008F5746 /* Frameworks */ = {
			isa = PBXFrameworksBuildPhase;
			buildActionMask = 2147483647;
			files = (
			);
			runOnlyForDeploymentPostprocessing = 0;
		};
		6594E0AE1A33AD38008F5746 /* Frameworks */ = {
			isa = PBXFrameworksBuildPhase;
			buildActionMask = 2147483647;
			files = (
				6594E0B41A33AD38008F5746 /* NotificationCenter.framework in Frameworks */,
			);
			runOnlyForDeploymentPostprocessing = 0;
		};
/* End PBXFrameworksBuildPhase section */

/* Begin PBXGroup section */
		658ACB591A46CC83004ED311 /* Theme */ = {
			isa = PBXGroup;
			children = (
				658ACB5A1A46CC8D004ED311 /* IgnitionTheme.swift */,
			);
			name = Theme;
			sourceTree = "<group>";
		};
		6594E07D1A33ACEA008F5746 = {
			isa = PBXGroup;
			children = (
				6594E0881A33ACEA008F5746 /* Ignition */,
				6594E09E1A33ACEA008F5746 /* IgnitionTests */,
				6594E0B51A33AD38008F5746 /* Ignition-TodayExtension */,
				6594E0B21A33AD38008F5746 /* Frameworks */,
				6594E0871A33ACEA008F5746 /* Products */,
			);
			sourceTree = "<group>";
		};
		6594E0871A33ACEA008F5746 /* Products */ = {
			isa = PBXGroup;
			children = (
				6594E0861A33ACEA008F5746 /* Ignition.app */,
				6594E09B1A33ACEA008F5746 /* IgnitionTests.xctest */,
				6594E0B11A33AD38008F5746 /* Ignition-TodayExtension.appex */,
			);
			name = Products;
			sourceTree = "<group>";
		};
		6594E0881A33ACEA008F5746 /* Ignition */ = {
			isa = PBXGroup;
			children = (
				6594E08B1A33ACEA008F5746 /* AppDelegate.swift */,
				6594E0AC1A33ACF6008F5746 /* Components */,
				6594E0AB1A33ACF0008F5746 /* Features */,
				6594E0921A33ACEA008F5746 /* Images.xcassets */,
				6594E0941A33ACEA008F5746 /* LaunchScreen.xib */,
				6594E0891A33ACEA008F5746 /* Supporting Files */,
			);
			path = Ignition;
			sourceTree = "<group>";
		};
		6594E0891A33ACEA008F5746 /* Supporting Files */ = {
			isa = PBXGroup;
			children = (
				6594E08A1A33ACEA008F5746 /* Info.plist */,
			);
			name = "Supporting Files";
			sourceTree = "<group>";
		};
		6594E09E1A33ACEA008F5746 /* IgnitionTests */ = {
			isa = PBXGroup;
			children = (
				6594E0A11A33ACEA008F5746 /* IgnitionTests.swift */,
				6594E09F1A33ACEA008F5746 /* Supporting Files */,
				65FAAD991A46C8330090DA18 /* ShortcutDataStoreTests.swift */,
			);
			path = IgnitionTests;
			sourceTree = "<group>";
		};
		6594E09F1A33ACEA008F5746 /* Supporting Files */ = {
			isa = PBXGroup;
			children = (
				6594E0A01A33ACEA008F5746 /* Info.plist */,
			);
			name = "Supporting Files";
			sourceTree = "<group>";
		};
		6594E0AB1A33ACF0008F5746 /* Features */ = {
			isa = PBXGroup;
			children = (
				65C7C3C71A34ABC700D4539A /* Shortcut Listings */,
				65C7C3C61A34ABBA00D4539A /* Create New Shortcut */,
			);
			name = Features;
			sourceTree = "<group>";
		};
		6594E0AC1A33ACF6008F5746 /* Components */ = {
			isa = PBXGroup;
			children = (
				658ACB591A46CC83004ED311 /* Theme */,
				65C7C3D61A34B38A00D4539A /* Data Store */,
				65C7C3D31A34B0AF00D4539A /* Extensions */,
				6594E0C91A33B2FD008F5746 /* Buttons */,
				6594E0C41A33B2A1008F5746 /* Colors */,
				6594E0C31A33B29A008F5746 /* Fonts */,
			);
			name = Components;
			sourceTree = "<group>";
		};
		6594E0B21A33AD38008F5746 /* Frameworks */ = {
			isa = PBXGroup;
			children = (
				6594E0B31A33AD38008F5746 /* NotificationCenter.framework */,
			);
			name = Frameworks;
			sourceTree = "<group>";
		};
		6594E0B51A33AD38008F5746 /* Ignition-TodayExtension */ = {
			isa = PBXGroup;
			children = (
				6594E0B81A33AD38008F5746 /* TodayViewController.swift */,
				6594E0BA1A33AD38008F5746 /* MainInterface.storyboard */,
				6594E0B61A33AD38008F5746 /* Supporting Files */,
			);
			path = "Ignition-TodayExtension";
			sourceTree = "<group>";
		};
		6594E0B61A33AD38008F5746 /* Supporting Files */ = {
			isa = PBXGroup;
			children = (
				6594E0B71A33AD38008F5746 /* Info.plist */,
			);
			name = "Supporting Files";
			sourceTree = "<group>";
		};
		6594E0C31A33B29A008F5746 /* Fonts */ = {
			isa = PBXGroup;
			children = (
				6594E0C51A33B2B6008F5746 /* IgnitionFonts.swift */,
			);
			name = Fonts;
			sourceTree = "<group>";
		};
		6594E0C41A33B2A1008F5746 /* Colors */ = {
			isa = PBXGroup;
			children = (
				6594E0C71A33B2D0008F5746 /* IgnitionColors.swift */,
			);
			name = Colors;
			sourceTree = "<group>";
		};
		6594E0C91A33B2FD008F5746 /* Buttons */ = {
			isa = PBXGroup;
			children = (
				6594E0CA1A33B319008F5746 /* IgnitionButtons.swift */,
			);
			name = Buttons;
			sourceTree = "<group>";
		};
		65C7C3C61A34ABBA00D4539A /* Create New Shortcut */ = {
			isa = PBXGroup;
			children = (
				65C7C3CE1A34AE7600D4539A /* Storyboards */,
				65C7C3CD1A34AE0400D4539A /* Views */,
				65C7C3CC1A34ADFD00D4539A /* View Controllers */,
			);
			name = "Create New Shortcut";
			sourceTree = "<group>";
		};
		65C7C3C71A34ABC700D4539A /* Shortcut Listings */ = {
			isa = PBXGroup;
			children = (
				65FAAD9B1A46C9D30090DA18 /* ShortcutList.storyboard */,
			);
			name = "Shortcut Listings";
			sourceTree = "<group>";
		};
		65C7C3CC1A34ADFD00D4539A /* View Controllers */ = {
			isa = PBXGroup;
			children = (
				65C7C3C81A34AD6E00D4539A /* NewShortcutComposerNavigationController.swift */,
				65C7C3CA1A34ADF100D4539A /* NewShortcutComposerViewController.swift */,
			);
			name = "View Controllers";
			sourceTree = "<group>";
		};
		65C7C3CD1A34AE0400D4539A /* Views */ = {
			isa = PBXGroup;
			children = (
				65C7C3D11A34AF1D00D4539A /* NewShortcutControllerBackgroundView.swift */,
			);
			name = Views;
			sourceTree = "<group>";
		};
		65C7C3CE1A34AE7600D4539A /* Storyboards */ = {
			isa = PBXGroup;
			children = (
				65C7C3CF1A34AE9F00D4539A /* NewShortcutComposer.storyboard */,
			);
			name = Storyboards;
			sourceTree = "<group>";
		};
		65C7C3D31A34B0AF00D4539A /* Extensions */ = {
			isa = PBXGroup;
			children = (
				65C7C3D41A34B0BA00D4539A /* UIView+RemoveSubviews.swift */,
			);
			name = Extensions;
			sourceTree = "<group>";
		};
		65C7C3D61A34B38A00D4539A /* Data Store */ = {
			isa = PBXGroup;
			children = (
				65C7C3D71A34B3A300D4539A /* ShortcutDataStore.swift */,
			);
			name = "Data Store";
			sourceTree = "<group>";
		};
/* End PBXGroup section */

/* Begin PBXNativeTarget section */
		6594E0851A33ACEA008F5746 /* Ignition */ = {
			isa = PBXNativeTarget;
			buildConfigurationList = 6594E0A51A33ACEA008F5746 /* Build configuration list for PBXNativeTarget "Ignition" */;
			buildPhases = (
				6594E0821A33ACEA008F5746 /* Sources */,
				6594E0831A33ACEA008F5746 /* Frameworks */,
				6594E0841A33ACEA008F5746 /* Resources */,
				6594E0C21A33AD38008F5746 /* Embed App Extensions */,
			);
			buildRules = (
			);
			dependencies = (
				6594E0BD1A33AD38008F5746 /* PBXTargetDependency */,
			);
			name = Ignition;
			productName = Ignition;
			productReference = 6594E0861A33ACEA008F5746 /* Ignition.app */;
			productType = "com.apple.product-type.application";
		};
		6594E09A1A33ACEA008F5746 /* IgnitionTests */ = {
			isa = PBXNativeTarget;
			buildConfigurationList = 6594E0A81A33ACEA008F5746 /* Build configuration list for PBXNativeTarget "IgnitionTests" */;
			buildPhases = (
				6594E0971A33ACEA008F5746 /* Sources */,
				6594E0981A33ACEA008F5746 /* Frameworks */,
				6594E0991A33ACEA008F5746 /* Resources */,
			);
			buildRules = (
			);
			dependencies = (
				6594E09D1A33ACEA008F5746 /* PBXTargetDependency */,
			);
			name = IgnitionTests;
			productName = IgnitionTests;
			productReference = 6594E09B1A33ACEA008F5746 /* IgnitionTests.xctest */;
			productType = "com.apple.product-type.bundle.unit-test";
		};
		6594E0B01A33AD38008F5746 /* Ignition-TodayExtension */ = {
			isa = PBXNativeTarget;
			buildConfigurationList = 6594E0BF1A33AD38008F5746 /* Build configuration list for PBXNativeTarget "Ignition-TodayExtension" */;
			buildPhases = (
				6594E0AD1A33AD38008F5746 /* Sources */,
				6594E0AE1A33AD38008F5746 /* Frameworks */,
				6594E0AF1A33AD38008F5746 /* Resources */,
			);
			buildRules = (
			);
			dependencies = (
			);
			name = "Ignition-TodayExtension";
			productName = "Ignition-TodayExtension";
			productReference = 6594E0B11A33AD38008F5746 /* Ignition-TodayExtension.appex */;
			productType = "com.apple.product-type.app-extension";
		};
/* End PBXNativeTarget section */

/* Begin PBXProject section */
		6594E07E1A33ACEA008F5746 /* Project object */ = {
			isa = PBXProject;
			attributes = {
				LastUpgradeCheck = 0610;
				ORGANIZATIONNAME = "Rocket Apps";
				TargetAttributes = {
					6594E0851A33ACEA008F5746 = {
						CreatedOnToolsVersion = 6.1.1;
					};
					6594E09A1A33ACEA008F5746 = {
						CreatedOnToolsVersion = 6.1.1;
						TestTargetID = 6594E0851A33ACEA008F5746;
					};
					6594E0B01A33AD38008F5746 = {
						CreatedOnToolsVersion = 6.1.1;
					};
				};
			};
			buildConfigurationList = 6594E0811A33ACEA008F5746 /* Build configuration list for PBXProject "Ignition" */;
			compatibilityVersion = "Xcode 3.2";
			developmentRegion = English;
			hasScannedForEncodings = 0;
			knownRegions = (
				en,
				Base,
			);
			mainGroup = 6594E07D1A33ACEA008F5746;
			productRefGroup = 6594E0871A33ACEA008F5746 /* Products */;
			projectDirPath = "";
			projectRoot = "";
			targets = (
				6594E0851A33ACEA008F5746 /* Ignition */,
				6594E09A1A33ACEA008F5746 /* IgnitionTests */,
				6594E0B01A33AD38008F5746 /* Ignition-TodayExtension */,
			);
		};
/* End PBXProject section */

/* Begin PBXResourcesBuildPhase section */
		6594E0841A33ACEA008F5746 /* Resources */ = {
			isa = PBXResourcesBuildPhase;
			buildActionMask = 2147483647;
			files = (
				6594E0961A33ACEA008F5746 /* LaunchScreen.xib in Resources */,
				65C7C3D01A34AE9F00D4539A /* NewShortcutComposer.storyboard in Resources */,
				65FAAD9C1A46C9D30090DA18 /* ShortcutList.storyboard in Resources */,
				6594E0931A33ACEA008F5746 /* Images.xcassets in Resources */,
			);
			runOnlyForDeploymentPostprocessing = 0;
		};
		6594E0991A33ACEA008F5746 /* Resources */ = {
			isa = PBXResourcesBuildPhase;
			buildActionMask = 2147483647;
			files = (
			);
			runOnlyForDeploymentPostprocessing = 0;
		};
		6594E0AF1A33AD38008F5746 /* Resources */ = {
			isa = PBXResourcesBuildPhase;
			buildActionMask = 2147483647;
			files = (
				6594E0BB1A33AD38008F5746 /* MainInterface.storyboard in Resources */,
			);
			runOnlyForDeploymentPostprocessing = 0;
		};
/* End PBXResourcesBuildPhase section */

/* Begin PBXSourcesBuildPhase section */
		6594E0821A33ACEA008F5746 /* Sources */ = {
			isa = PBXSourcesBuildPhase;
			buildActionMask = 2147483647;
			files = (
				65C7C3D51A34B0BA00D4539A /* UIView+RemoveSubviews.swift in Sources */,
				65C7C3C91A34AD6E00D4539A /* NewShortcutComposerNavigationController.swift in Sources */,
				65C7C3D21A34AF1D00D4539A /* NewShortcutControllerBackgroundView.swift in Sources */,
				6594E0CB1A33B319008F5746 /* IgnitionButtons.swift in Sources */,
				658ACB5B1A46CC8D004ED311 /* IgnitionTheme.swift in Sources */,
				6594E08C1A33ACEA008F5746 /* AppDelegate.swift in Sources */,
				6594E0C61A33B2B6008F5746 /* IgnitionFonts.swift in Sources */,
				65C7C3D81A34B3A300D4539A /* ShortcutDataStore.swift in Sources */,
				6594E0C81A33B2D0008F5746 /* IgnitionColors.swift in Sources */,
				65C7C3CB1A34ADF100D4539A /* NewShortcutComposerViewController.swift in Sources */,
			);
			runOnlyForDeploymentPostprocessing = 0;
		};
		6594E0971A33ACEA008F5746 /* Sources */ = {
			isa = PBXSourcesBuildPhase;
			buildActionMask = 2147483647;
			files = (
				6594E0A21A33ACEA008F5746 /* IgnitionTests.swift in Sources */,
				65FAAD9A1A46C8330090DA18 /* ShortcutDataStoreTests.swift in Sources */,
			);
			runOnlyForDeploymentPostprocessing = 0;
		};
		6594E0AD1A33AD38008F5746 /* Sources */ = {
			isa = PBXSourcesBuildPhase;
			buildActionMask = 2147483647;
			files = (
				6594E0B91A33AD38008F5746 /* TodayViewController.swift in Sources */,
			);
			runOnlyForDeploymentPostprocessing = 0;
		};
/* End PBXSourcesBuildPhase section */

/* Begin PBXTargetDependency section */
		6594E09D1A33ACEA008F5746 /* PBXTargetDependency */ = {
			isa = PBXTargetDependency;
			target = 6594E0851A33ACEA008F5746 /* Ignition */;
			targetProxy = 6594E09C1A33ACEA008F5746 /* PBXContainerItemProxy */;
		};
		6594E0BD1A33AD38008F5746 /* PBXTargetDependency */ = {
			isa = PBXTargetDependency;
			target = 6594E0B01A33AD38008F5746 /* Ignition-TodayExtension */;
			targetProxy = 6594E0BC1A33AD38008F5746 /* PBXContainerItemProxy */;
		};
/* End PBXTargetDependency section */

/* Begin PBXVariantGroup section */
		6594E0941A33ACEA008F5746 /* LaunchScreen.xib */ = {
			isa = PBXVariantGroup;
			children = (
				6594E0951A33ACEA008F5746 /* Base */,
			);
			name = LaunchScreen.xib;
			sourceTree = "<group>";
		};
/* End PBXVariantGroup section */

/* Begin XCBuildConfiguration section */
		6594E0A31A33ACEA008F5746 /* Debug */ = {
			isa = XCBuildConfiguration;
			buildSettings = {
				ALWAYS_SEARCH_USER_PATHS = NO;
				CLANG_CXX_LANGUAGE_STANDARD = "gnu++0x";
				CLANG_CXX_LIBRARY = "libc++";
				CLANG_ENABLE_MODULES = YES;
				CLANG_ENABLE_OBJC_ARC = YES;
				CLANG_WARN_BOOL_CONVERSION = YES;
				CLANG_WARN_CONSTANT_CONVERSION = YES;
				CLANG_WARN_DIRECT_OBJC_ISA_USAGE = YES_ERROR;
				CLANG_WARN_EMPTY_BODY = YES;
				CLANG_WARN_ENUM_CONVERSION = YES;
				CLANG_WARN_INT_CONVERSION = YES;
				CLANG_WARN_OBJC_ROOT_CLASS = YES_ERROR;
				CLANG_WARN_UNREACHABLE_CODE = YES;
				CLANG_WARN__DUPLICATE_METHOD_MATCH = YES;
				"CODE_SIGN_IDENTITY[sdk=iphoneos*]" = "iPhone Developer";
				COPY_PHASE_STRIP = NO;
				ENABLE_STRICT_OBJC_MSGSEND = YES;
				GCC_C_LANGUAGE_STANDARD = gnu99;
				GCC_DYNAMIC_NO_PIC = NO;
				GCC_OPTIMIZATION_LEVEL = 0;
				GCC_PREPROCESSOR_DEFINITIONS = (
					"DEBUG=1",
					"$(inherited)",
				);
				GCC_SYMBOLS_PRIVATE_EXTERN = NO;
				GCC_WARN_64_TO_32_BIT_CONVERSION = YES;
				GCC_WARN_ABOUT_RETURN_TYPE = YES_ERROR;
				GCC_WARN_UNDECLARED_SELECTOR = YES;
				GCC_WARN_UNINITIALIZED_AUTOS = YES_AGGRESSIVE;
				GCC_WARN_UNUSED_FUNCTION = YES;
				GCC_WARN_UNUSED_VARIABLE = YES;
				IPHONEOS_DEPLOYMENT_TARGET = 8.1;
				MTL_ENABLE_DEBUG_INFO = YES;
				ONLY_ACTIVE_ARCH = YES;
				SDKROOT = iphoneos;
				SWIFT_OPTIMIZATION_LEVEL = "-Onone";
				TARGETED_DEVICE_FAMILY = "1,2";
			};
			name = Debug;
		};
		6594E0A41A33ACEA008F5746 /* Release */ = {
			isa = XCBuildConfiguration;
			buildSettings = {
				ALWAYS_SEARCH_USER_PATHS = NO;
				CLANG_CXX_LANGUAGE_STANDARD = "gnu++0x";
				CLANG_CXX_LIBRARY = "libc++";
				CLANG_ENABLE_MODULES = YES;
				CLANG_ENABLE_OBJC_ARC = YES;
				CLANG_WARN_BOOL_CONVERSION = YES;
				CLANG_WARN_CONSTANT_CONVERSION = YES;
				CLANG_WARN_DIRECT_OBJC_ISA_USAGE = YES_ERROR;
				CLANG_WARN_EMPTY_BODY = YES;
				CLANG_WARN_ENUM_CONVERSION = YES;
				CLANG_WARN_INT_CONVERSION = YES;
				CLANG_WARN_OBJC_ROOT_CLASS = YES_ERROR;
				CLANG_WARN_UNREACHABLE_CODE = YES;
				CLANG_WARN__DUPLICATE_METHOD_MATCH = YES;
				"CODE_SIGN_IDENTITY[sdk=iphoneos*]" = "iPhone Developer";
				COPY_PHASE_STRIP = YES;
				ENABLE_NS_ASSERTIONS = NO;
				ENABLE_STRICT_OBJC_MSGSEND = YES;
				GCC_C_LANGUAGE_STANDARD = gnu99;
				GCC_WARN_64_TO_32_BIT_CONVERSION = YES;
				GCC_WARN_ABOUT_RETURN_TYPE = YES_ERROR;
				GCC_WARN_UNDECLARED_SELECTOR = YES;
				GCC_WARN_UNINITIALIZED_AUTOS = YES_AGGRESSIVE;
				GCC_WARN_UNUSED_FUNCTION = YES;
				GCC_WARN_UNUSED_VARIABLE = YES;
				IPHONEOS_DEPLOYMENT_TARGET = 8.1;
				MTL_ENABLE_DEBUG_INFO = NO;
				SDKROOT = iphoneos;
				TARGETED_DEVICE_FAMILY = "1,2";
				VALIDATE_PRODUCT = YES;
			};
			name = Release;
		};
		6594E0A61A33ACEA008F5746 /* Debug */ = {
			isa = XCBuildConfiguration;
			buildSettings = {
				ASSETCATALOG_COMPILER_APPICON_NAME = AppIcon;
				EMBEDDED_CONTENT_CONTAINS_SWIFT = YES;
				INFOPLIST_FILE = Ignition/Info.plist;
				LD_RUNPATH_SEARCH_PATHS = "$(inherited) @executable_path/Frameworks";
				PRODUCT_NAME = "$(TARGET_NAME)";
			};
			name = Debug;
		};
		6594E0A71A33ACEA008F5746 /* Release */ = {
			isa = XCBuildConfiguration;
			buildSettings = {
				ASSETCATALOG_COMPILER_APPICON_NAME = AppIcon;
				EMBEDDED_CONTENT_CONTAINS_SWIFT = YES;
				INFOPLIST_FILE = Ignition/Info.plist;
				LD_RUNPATH_SEARCH_PATHS = "$(inherited) @executable_path/Frameworks";
				PRODUCT_NAME = "$(TARGET_NAME)";
			};
			name = Release;
		};
		6594E0A91A33ACEA008F5746 /* Debug */ = {
			isa = XCBuildConfiguration;
			buildSettings = {
				BUNDLE_LOADER = "$(TEST_HOST)";
				FRAMEWORK_SEARCH_PATHS = (
					"$(SDKROOT)/Developer/Library/Frameworks",
					"$(inherited)",
				);
				GCC_PREPROCESSOR_DEFINITIONS = (
					"DEBUG=1",
					"$(inherited)",
				);
				INFOPLIST_FILE = IgnitionTests/Info.plist;
				LD_RUNPATH_SEARCH_PATHS = "$(inherited) @executable_path/Frameworks @loader_path/Frameworks";
				PRODUCT_NAME = "$(TARGET_NAME)";
				TEST_HOST = "$(BUILT_PRODUCTS_DIR)/Ignition.app/Ignition";
			};
			name = Debug;
		};
		6594E0AA1A33ACEA008F5746 /* Release */ = {
			isa = XCBuildConfiguration;
			buildSettings = {
				BUNDLE_LOADER = "$(TEST_HOST)";
				FRAMEWORK_SEARCH_PATHS = (
					"$(SDKROOT)/Developer/Library/Frameworks",
					"$(inherited)",
				);
				INFOPLIST_FILE = IgnitionTests/Info.plist;
				LD_RUNPATH_SEARCH_PATHS = "$(inherited) @executable_path/Frameworks @loader_path/Frameworks";
				PRODUCT_NAME = "$(TARGET_NAME)";
				TEST_HOST = "$(BUILT_PRODUCTS_DIR)/Ignition.app/Ignition";
			};
			name = Release;
		};
		6594E0C01A33AD38008F5746 /* Debug */ = {
			isa = XCBuildConfiguration;
			buildSettings = {
				GCC_PREPROCESSOR_DEFINITIONS = (
					"DEBUG=1",
					"$(inherited)",
				);
				INFOPLIST_FILE = "Ignition-TodayExtension/Info.plist";
				LD_RUNPATH_SEARCH_PATHS = "$(inherited) @executable_path/Frameworks @executable_path/../../Frameworks";
				PRODUCT_NAME = "$(TARGET_NAME)";
				SKIP_INSTALL = YES;
			};
			name = Debug;
		};
		6594E0C11A33AD38008F5746 /* Release */ = {
			isa = XCBuildConfiguration;
			buildSettings = {
				INFOPLIST_FILE = "Ignition-TodayExtension/Info.plist";
				LD_RUNPATH_SEARCH_PATHS = "$(inherited) @executable_path/Frameworks @executable_path/../../Frameworks";
				PRODUCT_NAME = "$(TARGET_NAME)";
				SKIP_INSTALL = YES;
			};
			name = Release;
		};
/* End XCBuildConfiguration section */

/* Begin XCConfigurationList section */
		6594E0811A33ACEA008F5746 /* Build configuration list for PBXProject "Ignition" */ = {
			isa = XCConfigurationList;
			buildConfigurations = (
				6594E0A31A33ACEA008F5746 /* Debug */,
				6594E0A41A33ACEA008F5746 /* Release */,
			);
			defaultConfigurationIsVisible = 0;
			defaultConfigurationName = Release;
		};
		6594E0A51A33ACEA008F5746 /* Build configuration list for PBXNativeTarget "Ignition" */ = {
			isa = XCConfigurationList;
			buildConfigurations = (
				6594E0A61A33ACEA008F5746 /* Debug */,
				6594E0A71A33ACEA008F5746 /* Release */,
			);
			defaultConfigurationIsVisible = 0;
			defaultConfigurationName = Release;
		};
		6594E0A81A33ACEA008F5746 /* Build configuration list for PBXNativeTarget "IgnitionTests" */ = {
			isa = XCConfigurationList;
			buildConfigurations = (
				6594E0A91A33ACEA008F5746 /* Debug */,
				6594E0AA1A33ACEA008F5746 /* Release */,
			);
			defaultConfigurationIsVisible = 0;
			defaultConfigurationName = Release;
		};
		6594E0BF1A33AD38008F5746 /* Build configuration list for PBXNativeTarget "Ignition-TodayExtension" */ = {
			isa = XCConfigurationList;
			buildConfigurations = (
				6594E0C01A33AD38008F5746 /* Debug */,
				6594E0C11A33AD38008F5746 /* Release */,
			);
			defaultConfigurationIsVisible = 0;
			defaultConfigurationName = Release;
		};
/* End XCConfigurationList section */
	};
	rootObject = 6594E07E1A33ACEA008F5746 /* Project object */;
}
